// !$*UTF8*$!
{
	archiveVersion = 1;
	classes = {
	};
	objectVersion = 46;
	objects = {

/* Begin PBXBuildFile section */
		471012A71DB92D4E00272341 /* Character_Olivia.json in Resources */ = {isa = PBXBuildFile; fileRef = 471012A61DB92D4E00272341 /* Character_Olivia.json */; };
		471012A91DB92E3E00272341 /* Character_Anaya.json in Resources */ = {isa = PBXBuildFile; fileRef = 471012A81DB92E3E00272341 /* Character_Anaya.json */; };
		471012AB1DB92EA400272341 /* Character_Camila.json in Resources */ = {isa = PBXBuildFile; fileRef = 471012AA1DB92EA400272341 /* Character_Camila.json */; };
		471012AD1DB92FCB00272341 /* Character_Yuna.json in Resources */ = {isa = PBXBuildFile; fileRef = 471012AC1DB92FCB00272341 /* Character_Yuna.json */; };
		4733BA801DC052880082A5E7 /* Scene_1_2.json in Resources */ = {isa = PBXBuildFile; fileRef = 4733BA7F1DC052880082A5E7 /* Scene_1_2.json */; };
		4733BA821DC26A7D0082A5E7 /* Scene_1_3.json in Resources */ = {isa = PBXBuildFile; fileRef = 4733BA811DC26A7D0082A5E7 /* Scene_1_3.json */; };
		4749BD161D902698007BCD74 /* Array2D.swift in Sources */ = {isa = PBXBuildFile; fileRef = 4749BCF11D902698007BCD74 /* Array2D.swift */; };
		4749BD171D902698007BCD74 /* Chain.swift in Sources */ = {isa = PBXBuildFile; fileRef = 4749BCF21D902698007BCD74 /* Chain.swift */; };
		4749BD181D902698007BCD74 /* Character.swift in Sources */ = {isa = PBXBuildFile; fileRef = 4749BCF31D902698007BCD74 /* Character.swift */; };
		4749BD191D902698007BCD74 /* CharacterCreationViewController.swift in Sources */ = {isa = PBXBuildFile; fileRef = 4749BCF41D902698007BCD74 /* CharacterCreationViewController.swift */; };
		4749BD1B1D902698007BCD74 /* CharacterMode.storyboard in Resources */ = {isa = PBXBuildFile; fileRef = 4749BCF61D902698007BCD74 /* CharacterMode.storyboard */; };
		4749BD1C1D902698007BCD74 /* CharacterManagementTabController.swift in Sources */ = {isa = PBXBuildFile; fileRef = 4749BCF71D902698007BCD74 /* CharacterManagementTabController.swift */; };
		4749BD1D1D902698007BCD74 /* CharacterProfileViewController.swift in Sources */ = {isa = PBXBuildFile; fileRef = 4749BCF81D902698007BCD74 /* CharacterProfileViewController.swift */; };
		4749BD1E1D902698007BCD74 /* ConfirmDeleteViewController.swift in Sources */ = {isa = PBXBuildFile; fileRef = 4749BCF91D902698007BCD74 /* ConfirmDeleteViewController.swift */; };
		4749BD1F1D902698007BCD74 /* CreditsViewController.swift in Sources */ = {isa = PBXBuildFile; fileRef = 4749BCFA1D902698007BCD74 /* CreditsViewController.swift */; };
		4749BD201D902698007BCD74 /* DebugMenuViewController.swift in Sources */ = {isa = PBXBuildFile; fileRef = 4749BCFB1D902698007BCD74 /* DebugMenuViewController.swift */; };
		4749BD211D902698007BCD74 /* Extensions.swift in Sources */ = {isa = PBXBuildFile; fileRef = 4749BCFC1D902698007BCD74 /* Extensions.swift */; };
		4749BD221D902698007BCD74 /* GameOptions.swift in Sources */ = {isa = PBXBuildFile; fileRef = 4749BCFD1D902698007BCD74 /* GameOptions.swift */; };
		4749BD231D902698007BCD74 /* GameSave.swift in Sources */ = {isa = PBXBuildFile; fileRef = 4749BCFE1D902698007BCD74 /* GameSave.swift */; };
		4749BD241D902698007BCD74 /* GameScene.swift in Sources */ = {isa = PBXBuildFile; fileRef = 4749BCFF1D902698007BCD74 /* GameScene.swift */; };
		4749BD251D902698007BCD74 /* GameViewController.swift in Sources */ = {isa = PBXBuildFile; fileRef = 4749BD001D902698007BCD74 /* GameViewController.swift */; };
		4749BD261D902698007BCD74 /* Grid.atlas in Resources */ = {isa = PBXBuildFile; fileRef = 4749BD011D902698007BCD74 /* Grid.atlas */; };
		4749BD271D902698007BCD74 /* Level.swift in Sources */ = {isa = PBXBuildFile; fileRef = 4749BD021D902698007BCD74 /* Level.swift */; };
		4749BD281D902698007BCD74 /* LevelCompleteViewController.swift in Sources */ = {isa = PBXBuildFile; fileRef = 4749BD031D902698007BCD74 /* LevelCompleteViewController.swift */; };
		4749BD291D902698007BCD74 /* LevelResult.swift in Sources */ = {isa = PBXBuildFile; fileRef = 4749BD041D902698007BCD74 /* LevelResult.swift */; };
		4749BD2A1D902698007BCD74 /* Levels in Resources */ = {isa = PBXBuildFile; fileRef = 4749BD051D902698007BCD74 /* Levels */; };
		4749BD2B1D902698007BCD74 /* MainMenuViewController.swift in Sources */ = {isa = PBXBuildFile; fileRef = 4749BD061D902698007BCD74 /* MainMenuViewController.swift */; };
		4749BD2C1D902698007BCD74 /* Monster.swift in Sources */ = {isa = PBXBuildFile; fileRef = 4749BD071D902698007BCD74 /* Monster.swift */; };
		4749BD2D1D902698007BCD74 /* Monsters in Resources */ = {isa = PBXBuildFile; fileRef = 4749BD081D902698007BCD74 /* Monsters */; };
		4749BD2E1D902698007BCD74 /* OptionsViewController.swift in Sources */ = {isa = PBXBuildFile; fileRef = 4749BD091D902698007BCD74 /* OptionsViewController.swift */; };
		4749BD2F1D902698007BCD74 /* PauseViewController.swift in Sources */ = {isa = PBXBuildFile; fileRef = 4749BD0A1D902698007BCD74 /* PauseViewController.swift */; };
		4749BD301D902698007BCD74 /* PreGameViewController.swift in Sources */ = {isa = PBXBuildFile; fileRef = 4749BD0B1D902698007BCD74 /* PreGameViewController.swift */; };
		4749BD311D902698007BCD74 /* ProgressViewController.swift in Sources */ = {isa = PBXBuildFile; fileRef = 4749BD0C1D902698007BCD74 /* ProgressViewController.swift */; };
		4749BD321D902698007BCD74 /* SaveMenuViewController.swift in Sources */ = {isa = PBXBuildFile; fileRef = 4749BD0D1D902698007BCD74 /* SaveMenuViewController.swift */; };
		4749BD331D902698007BCD74 /* Sounds in Resources */ = {isa = PBXBuildFile; fileRef = 4749BD0E1D902698007BCD74 /* Sounds */; };
		4749BD341D902698007BCD74 /* Sprites.atlas in Resources */ = {isa = PBXBuildFile; fileRef = 4749BD0F1D902698007BCD74 /* Sprites.atlas */; };
		4749BD351D902698007BCD74 /* StoryMode.storyboard in Resources */ = {isa = PBXBuildFile; fileRef = 4749BD101D902698007BCD74 /* StoryMode.storyboard */; };
		4749BD361D902698007BCD74 /* StoryModeViewController.swift in Sources */ = {isa = PBXBuildFile; fileRef = 4749BD111D902698007BCD74 /* StoryModeViewController.swift */; };
		4749BD371D902698007BCD74 /* Swap.swift in Sources */ = {isa = PBXBuildFile; fileRef = 4749BD121D902698007BCD74 /* Swap.swift */; };
		4749BD381D902698007BCD74 /* Tile.swift in Sources */ = {isa = PBXBuildFile; fileRef = 4749BD131D902698007BCD74 /* Tile.swift */; };
		4749BD391D902698007BCD74 /* Timer.swift in Sources */ = {isa = PBXBuildFile; fileRef = 4749BD141D902698007BCD74 /* Timer.swift */; };
		4749BD3A1D902698007BCD74 /* Token.swift in Sources */ = {isa = PBXBuildFile; fileRef = 4749BD151D902698007BCD74 /* Token.swift */; };
		4749BD3D1D9026A1007BCD74 /* Main.storyboard in Resources */ = {isa = PBXBuildFile; fileRef = 4749BD3B1D9026A1007BCD74 /* Main.storyboard */; };
		4749BD421D902912007BCD74 /* DigitalStripBB_BoldItal.otf in Resources */ = {isa = PBXBuildFile; fileRef = 4749BD3E1D9028F0007BCD74 /* DigitalStripBB_BoldItal.otf */; };
		4749BD431D902915007BCD74 /* DigitalStripBB_Ital.otf in Resources */ = {isa = PBXBuildFile; fileRef = 4749BD3F1D9028F0007BCD74 /* DigitalStripBB_Ital.otf */; };
		4749BD441D902919007BCD74 /* DigitalStripBB_Reg.otf in Resources */ = {isa = PBXBuildFile; fileRef = 4749BD401D9028F0007BCD74 /* DigitalStripBB_Reg.otf */; };
		475730C11D92EED4002CE409 /* MonsterMode.storyboard in Resources */ = {isa = PBXBuildFile; fileRef = 475730C01D92EED4002CE409 /* MonsterMode.storyboard */; };
		475730C31D92F406002CE409 /* MonsterStatsViewController.swift in Sources */ = {isa = PBXBuildFile; fileRef = 475730C21D92F406002CE409 /* MonsterStatsViewController.swift */; };
		476E6EDF1D902483008A2022 /* AppDelegate.swift in Sources */ = {isa = PBXBuildFile; fileRef = 476E6EDE1D902483008A2022 /* AppDelegate.swift */; };
		476E6EE31D902483008A2022 /* Actions.sks in Resources */ = {isa = PBXBuildFile; fileRef = 476E6EE21D902483008A2022 /* Actions.sks */; };
		476E6EEC1D902483008A2022 /* Assets.xcassets in Resources */ = {isa = PBXBuildFile; fileRef = 476E6EEB1D902483008A2022 /* Assets.xcassets */; };
		476E6EEF1D902483008A2022 /* LaunchScreen.storyboard in Resources */ = {isa = PBXBuildFile; fileRef = 476E6EED1D902483008A2022 /* LaunchScreen.storyboard */; };
		476E6EFA1D902484008A2022 /* MidnightTests.swift in Sources */ = {isa = PBXBuildFile; fileRef = 476E6EF91D902484008A2022 /* MidnightTests.swift */; };
		476E6F051D902484008A2022 /* MidnightUITests.swift in Sources */ = {isa = PBXBuildFile; fileRef = 476E6F041D902484008A2022 /* MidnightUITests.swift */; };
		476E6F141D9024A7008A2022 /* GameKit.framework in Frameworks */ = {isa = PBXBuildFile; fileRef = 476E6F131D9024A7008A2022 /* GameKit.framework */; };
		47839ED01DB7F37400615C5A /* Character_Lilly.json in Resources */ = {isa = PBXBuildFile; fileRef = 47839ECF1DB7F37400615C5A /* Character_Lilly.json */; };
		47839ED41DB7FB7900615C5A /* Character_Progression.json in Resources */ = {isa = PBXBuildFile; fileRef = 47839ED31DB7FB7900615C5A /* Character_Progression.json */; };
		478B221C1D922FFD0055C38A /* SilverBulletBB.otf in Resources */ = {isa = PBXBuildFile; fileRef = 478B221B1D922FFD0055C38A /* SilverBulletBB.otf */; };
		4791B4781DA0247000661923 /* Quest.swift in Sources */ = {isa = PBXBuildFile; fileRef = 4791B4771DA0247000661923 /* Quest.swift */; };
		479F04191DBA6D00008E5FF3 /* CharacterSelectCell.swift in Sources */ = {isa = PBXBuildFile; fileRef = 479F04181DBA6D00008E5FF3 /* CharacterSelectCell.swift */; };
		47BAA9D51DBE5764007F34E7 /* LevelSelectCell.swift in Sources */ = {isa = PBXBuildFile; fileRef = 47BAA9D41DBE5764007F34E7 /* LevelSelectCell.swift */; };
		47BAA9D71DBE94E4007F34E7 /* LevelSelectHeader.swift in Sources */ = {isa = PBXBuildFile; fileRef = 47BAA9D61DBE94E4007F34E7 /* LevelSelectHeader.swift */; };
		47C3D7171DB68EE4009476CE /* DialogueViewController.swift in Sources */ = {isa = PBXBuildFile; fileRef = 47C3D7161DB68EE4009476CE /* DialogueViewController.swift */; };
		47C3D7191DB692B2009476CE /* Dialogue.swift in Sources */ = {isa = PBXBuildFile; fileRef = 47C3D7181DB692B2009476CE /* Dialogue.swift */; };
		47C3D71E1DB6A9B8009476CE /* Scene_1_1.json in Resources */ = {isa = PBXBuildFile; fileRef = 47C3D71D1DB6A9B8009476CE /* Scene_1_1.json */; };
		47D405CB1D9454DE0071C78C /* DetailViewController.swift in Sources */ = {isa = PBXBuildFile; fileRef = 47D405CA1D9454DE0071C78C /* DetailViewController.swift */; };
		47D405D71D946D820071C78C /* encyclopedia.json in Resources */ = {isa = PBXBuildFile; fileRef = 47D405D41D946D820071C78C /* encyclopedia.json */; };
		47D405D81D946D820071C78C /* midnight.txt in Resources */ = {isa = PBXBuildFile; fileRef = 47D405D51D946D820071C78C /* midnight.txt */; };
		47D405D91D946D820071C78C /* vampire.txt in Resources */ = {isa = PBXBuildFile; fileRef = 47D405D61D946D820071C78C /* vampire.txt */; };
		47D405DB1D956BE00071C78C /* kobold.txt in Resources */ = {isa = PBXBuildFile; fileRef = 47D405DA1D956BDF0071C78C /* kobold.txt */; };
		47D405DD1D956C0C0071C78C /* goblin.txt in Resources */ = {isa = PBXBuildFile; fileRef = 47D405DC1D956C0C0071C78C /* goblin.txt */; };
		47D405DF1D956C460071C78C /* bugbear.txt in Resources */ = {isa = PBXBuildFile; fileRef = 47D405DE1D956C460071C78C /* bugbear.txt */; };
		47D405E11D956C650071C78C /* banshee.txt in Resources */ = {isa = PBXBuildFile; fileRef = 47D405E01D956C650071C78C /* banshee.txt */; };
		47D405E31D956C8F0071C78C /* troll.txt in Resources */ = {isa = PBXBuildFile; fileRef = 47D405E21D956C8F0071C78C /* troll.txt */; };
		47DEF3381D9AEC800076BB16 /* StatisticsViewController.swift in Sources */ = {isa = PBXBuildFile; fileRef = 47DEF3371D9AEC800076BB16 /* StatisticsViewController.swift */; };
		47E2827E1D9DE526000BD625 /* ResponseViewController.swift in Sources */ = {isa = PBXBuildFile; fileRef = 47E2827D1D9DE526000BD625 /* ResponseViewController.swift */; };
		47E3008D1DBA567E00A3439D /* CharacterSelectViewController.swift in Sources */ = {isa = PBXBuildFile; fileRef = 47E3008C1DBA567E00A3439D /* CharacterSelectViewController.swift */; };
		47F96A041D938395007ADC9A /* Encyclopedia.storyboard in Resources */ = {isa = PBXBuildFile; fileRef = 47F96A031D938395007ADC9A /* Encyclopedia.storyboard */; };
		47F96A061D938803007ADC9A /* IndexViewController.swift in Sources */ = {isa = PBXBuildFile; fileRef = 47F96A051D938803007ADC9A /* IndexViewController.swift */; };
		47F96A081D940D0F007ADC9A /* Encyclopedia.swift in Sources */ = {isa = PBXBuildFile; fileRef = 47F96A071D940D0E007ADC9A /* Encyclopedia.swift */; };
		47F96A0A1D942EA3007ADC9A /* IndexTableCell.swift in Sources */ = {isa = PBXBuildFile; fileRef = 47F96A091D942EA3007ADC9A /* IndexTableCell.swift */; };
/* End PBXBuildFile section */

/* Begin PBXContainerItemProxy section */
		476E6EF61D902484008A2022 /* PBXContainerItemProxy */ = {
			isa = PBXContainerItemProxy;
			containerPortal = 476E6ED31D902483008A2022 /* Project object */;
			proxyType = 1;
			remoteGlobalIDString = 476E6EDA1D902483008A2022;
			remoteInfo = Midnight;
		};
		476E6F011D902484008A2022 /* PBXContainerItemProxy */ = {
			isa = PBXContainerItemProxy;
			containerPortal = 476E6ED31D902483008A2022 /* Project object */;
			proxyType = 1;
			remoteGlobalIDString = 476E6EDA1D902483008A2022;
			remoteInfo = Midnight;
		};
/* End PBXContainerItemProxy section */

/* Begin PBXFileReference section */
		471012A61DB92D4E00272341 /* Character_Olivia.json */ = {isa = PBXFileReference; fileEncoding = 4; lastKnownFileType = text.json; path = Character_Olivia.json; sourceTree = "<group>"; };
		471012A81DB92E3E00272341 /* Character_Anaya.json */ = {isa = PBXFileReference; fileEncoding = 4; lastKnownFileType = text.json; path = Character_Anaya.json; sourceTree = "<group>"; };
		471012AA1DB92EA400272341 /* Character_Camila.json */ = {isa = PBXFileReference; fileEncoding = 4; lastKnownFileType = text.json; path = Character_Camila.json; sourceTree = "<group>"; };
		471012AC1DB92FCB00272341 /* Character_Yuna.json */ = {isa = PBXFileReference; fileEncoding = 4; lastKnownFileType = text.json; path = Character_Yuna.json; sourceTree = "<group>"; };
		4733BA7F1DC052880082A5E7 /* Scene_1_2.json */ = {isa = PBXFileReference; fileEncoding = 4; lastKnownFileType = text.json; path = Scene_1_2.json; sourceTree = "<group>"; };
		4733BA811DC26A7D0082A5E7 /* Scene_1_3.json */ = {isa = PBXFileReference; fileEncoding = 4; lastKnownFileType = text.json; path = Scene_1_3.json; sourceTree = "<group>"; };
		4749BCF11D902698007BCD74 /* Array2D.swift */ = {isa = PBXFileReference; fileEncoding = 4; lastKnownFileType = sourcecode.swift; path = Array2D.swift; sourceTree = "<group>"; };
		4749BCF21D902698007BCD74 /* Chain.swift */ = {isa = PBXFileReference; fileEncoding = 4; lastKnownFileType = sourcecode.swift; path = Chain.swift; sourceTree = "<group>"; };
		4749BCF31D902698007BCD74 /* Character.swift */ = {isa = PBXFileReference; fileEncoding = 4; lastKnownFileType = sourcecode.swift; path = Character.swift; sourceTree = "<group>"; };
		4749BCF41D902698007BCD74 /* CharacterCreationViewController.swift */ = {isa = PBXFileReference; fileEncoding = 4; lastKnownFileType = sourcecode.swift; path = CharacterCreationViewController.swift; sourceTree = "<group>"; };
		4749BCF61D902698007BCD74 /* CharacterMode.storyboard */ = {isa = PBXFileReference; fileEncoding = 4; lastKnownFileType = file.storyboard; path = CharacterMode.storyboard; sourceTree = "<group>"; };
		4749BCF71D902698007BCD74 /* CharacterManagementTabController.swift */ = {isa = PBXFileReference; fileEncoding = 4; lastKnownFileType = sourcecode.swift; path = CharacterManagementTabController.swift; sourceTree = "<group>"; };
		4749BCF81D902698007BCD74 /* CharacterProfileViewController.swift */ = {isa = PBXFileReference; fileEncoding = 4; lastKnownFileType = sourcecode.swift; path = CharacterProfileViewController.swift; sourceTree = "<group>"; };
		4749BCF91D902698007BCD74 /* ConfirmDeleteViewController.swift */ = {isa = PBXFileReference; fileEncoding = 4; lastKnownFileType = sourcecode.swift; path = ConfirmDeleteViewController.swift; sourceTree = "<group>"; };
		4749BCFA1D902698007BCD74 /* CreditsViewController.swift */ = {isa = PBXFileReference; fileEncoding = 4; lastKnownFileType = sourcecode.swift; path = CreditsViewController.swift; sourceTree = "<group>"; };
		4749BCFB1D902698007BCD74 /* DebugMenuViewController.swift */ = {isa = PBXFileReference; fileEncoding = 4; lastKnownFileType = sourcecode.swift; path = DebugMenuViewController.swift; sourceTree = "<group>"; };
		4749BCFC1D902698007BCD74 /* Extensions.swift */ = {isa = PBXFileReference; fileEncoding = 4; lastKnownFileType = sourcecode.swift; path = Extensions.swift; sourceTree = "<group>"; };
		4749BCFD1D902698007BCD74 /* GameOptions.swift */ = {isa = PBXFileReference; fileEncoding = 4; lastKnownFileType = sourcecode.swift; path = GameOptions.swift; sourceTree = "<group>"; };
		4749BCFE1D902698007BCD74 /* GameSave.swift */ = {isa = PBXFileReference; fileEncoding = 4; lastKnownFileType = sourcecode.swift; path = GameSave.swift; sourceTree = "<group>"; };
		4749BCFF1D902698007BCD74 /* GameScene.swift */ = {isa = PBXFileReference; fileEncoding = 4; lastKnownFileType = sourcecode.swift; path = GameScene.swift; sourceTree = "<group>"; };
		4749BD001D902698007BCD74 /* GameViewController.swift */ = {isa = PBXFileReference; fileEncoding = 4; lastKnownFileType = sourcecode.swift; path = GameViewController.swift; sourceTree = "<group>"; };
		4749BD011D902698007BCD74 /* Grid.atlas */ = {isa = PBXFileReference; lastKnownFileType = folder.skatlas; path = Grid.atlas; sourceTree = "<group>"; };
		4749BD021D902698007BCD74 /* Level.swift */ = {isa = PBXFileReference; fileEncoding = 4; lastKnownFileType = sourcecode.swift; path = Level.swift; sourceTree = "<group>"; };
		4749BD031D902698007BCD74 /* LevelCompleteViewController.swift */ = {isa = PBXFileReference; fileEncoding = 4; lastKnownFileType = sourcecode.swift; path = LevelCompleteViewController.swift; sourceTree = "<group>"; };
		4749BD041D902698007BCD74 /* LevelResult.swift */ = {isa = PBXFileReference; fileEncoding = 4; lastKnownFileType = sourcecode.swift; path = LevelResult.swift; sourceTree = "<group>"; };
		4749BD051D902698007BCD74 /* Levels */ = {isa = PBXFileReference; lastKnownFileType = folder; path = Levels; sourceTree = "<group>"; };
		4749BD061D902698007BCD74 /* MainMenuViewController.swift */ = {isa = PBXFileReference; fileEncoding = 4; lastKnownFileType = sourcecode.swift; path = MainMenuViewController.swift; sourceTree = "<group>"; };
		4749BD071D902698007BCD74 /* Monster.swift */ = {isa = PBXFileReference; fileEncoding = 4; lastKnownFileType = sourcecode.swift; path = Monster.swift; sourceTree = "<group>"; };
		4749BD081D902698007BCD74 /* Monsters */ = {isa = PBXFileReference; lastKnownFileType = folder; path = Monsters; sourceTree = "<group>"; };
		4749BD091D902698007BCD74 /* OptionsViewController.swift */ = {isa = PBXFileReference; fileEncoding = 4; lastKnownFileType = sourcecode.swift; path = OptionsViewController.swift; sourceTree = "<group>"; };
		4749BD0A1D902698007BCD74 /* PauseViewController.swift */ = {isa = PBXFileReference; fileEncoding = 4; lastKnownFileType = sourcecode.swift; path = PauseViewController.swift; sourceTree = "<group>"; };
		4749BD0B1D902698007BCD74 /* PreGameViewController.swift */ = {isa = PBXFileReference; fileEncoding = 4; lastKnownFileType = sourcecode.swift; path = PreGameViewController.swift; sourceTree = "<group>"; };
		4749BD0C1D902698007BCD74 /* ProgressViewController.swift */ = {isa = PBXFileReference; fileEncoding = 4; lastKnownFileType = sourcecode.swift; path = ProgressViewController.swift; sourceTree = "<group>"; };
		4749BD0D1D902698007BCD74 /* SaveMenuViewController.swift */ = {isa = PBXFileReference; fileEncoding = 4; lastKnownFileType = sourcecode.swift; path = SaveMenuViewController.swift; sourceTree = "<group>"; };
		4749BD0E1D902698007BCD74 /* Sounds */ = {isa = PBXFileReference; lastKnownFileType = folder; path = Sounds; sourceTree = "<group>"; };
		4749BD0F1D902698007BCD74 /* Sprites.atlas */ = {isa = PBXFileReference; lastKnownFileType = folder.skatlas; path = Sprites.atlas; sourceTree = "<group>"; };
		4749BD101D902698007BCD74 /* StoryMode.storyboard */ = {isa = PBXFileReference; fileEncoding = 4; lastKnownFileType = file.storyboard; path = StoryMode.storyboard; sourceTree = "<group>"; };
		4749BD111D902698007BCD74 /* StoryModeViewController.swift */ = {isa = PBXFileReference; fileEncoding = 4; lastKnownFileType = sourcecode.swift; path = StoryModeViewController.swift; sourceTree = "<group>"; };
		4749BD121D902698007BCD74 /* Swap.swift */ = {isa = PBXFileReference; fileEncoding = 4; lastKnownFileType = sourcecode.swift; path = Swap.swift; sourceTree = "<group>"; };
		4749BD131D902698007BCD74 /* Tile.swift */ = {isa = PBXFileReference; fileEncoding = 4; lastKnownFileType = sourcecode.swift; path = Tile.swift; sourceTree = "<group>"; };
		4749BD141D902698007BCD74 /* Timer.swift */ = {isa = PBXFileReference; fileEncoding = 4; lastKnownFileType = sourcecode.swift; path = Timer.swift; sourceTree = "<group>"; };
		4749BD151D902698007BCD74 /* Token.swift */ = {isa = PBXFileReference; fileEncoding = 4; lastKnownFileType = sourcecode.swift; path = Token.swift; sourceTree = "<group>"; };
		4749BD3C1D9026A1007BCD74 /* Base */ = {isa = PBXFileReference; lastKnownFileType = file.storyboard; name = Base; path = Base.lproj/Main.storyboard; sourceTree = "<group>"; };
		4749BD3E1D9028F0007BCD74 /* DigitalStripBB_BoldItal.otf */ = {isa = PBXFileReference; lastKnownFileType = file; path = DigitalStripBB_BoldItal.otf; sourceTree = "<group>"; };
		4749BD3F1D9028F0007BCD74 /* DigitalStripBB_Ital.otf */ = {isa = PBXFileReference; lastKnownFileType = file; path = DigitalStripBB_Ital.otf; sourceTree = "<group>"; };
		4749BD401D9028F0007BCD74 /* DigitalStripBB_Reg.otf */ = {isa = PBXFileReference; lastKnownFileType = file; path = DigitalStripBB_Reg.otf; sourceTree = "<group>"; };
		475730C01D92EED4002CE409 /* MonsterMode.storyboard */ = {isa = PBXFileReference; fileEncoding = 4; lastKnownFileType = file.storyboard; path = MonsterMode.storyboard; sourceTree = "<group>"; };
		475730C21D92F406002CE409 /* MonsterStatsViewController.swift */ = {isa = PBXFileReference; fileEncoding = 4; lastKnownFileType = sourcecode.swift; path = MonsterStatsViewController.swift; sourceTree = "<group>"; };
		476E6EDB1D902483008A2022 /* Midnight.app */ = {isa = PBXFileReference; explicitFileType = wrapper.application; includeInIndex = 0; path = Midnight.app; sourceTree = BUILT_PRODUCTS_DIR; };
		476E6EDE1D902483008A2022 /* AppDelegate.swift */ = {isa = PBXFileReference; lastKnownFileType = sourcecode.swift; path = AppDelegate.swift; sourceTree = "<group>"; };
		476E6EE21D902483008A2022 /* Actions.sks */ = {isa = PBXFileReference; lastKnownFileType = file.sks; path = Actions.sks; sourceTree = "<group>"; };
		476E6EEB1D902483008A2022 /* Assets.xcassets */ = {isa = PBXFileReference; lastKnownFileType = folder.assetcatalog; path = Assets.xcassets; sourceTree = "<group>"; };
		476E6EEE1D902483008A2022 /* Base */ = {isa = PBXFileReference; lastKnownFileType = file.storyboard; name = Base; path = Base.lproj/LaunchScreen.storyboard; sourceTree = "<group>"; };
		476E6EF01D902483008A2022 /* Info.plist */ = {isa = PBXFileReference; lastKnownFileType = text.plist.xml; path = Info.plist; sourceTree = "<group>"; };
		476E6EF51D902484008A2022 /* MidnightTests.xctest */ = {isa = PBXFileReference; explicitFileType = wrapper.cfbundle; includeInIndex = 0; path = MidnightTests.xctest; sourceTree = BUILT_PRODUCTS_DIR; };
		476E6EF91D902484008A2022 /* MidnightTests.swift */ = {isa = PBXFileReference; lastKnownFileType = sourcecode.swift; path = MidnightTests.swift; sourceTree = "<group>"; };
		476E6EFB1D902484008A2022 /* Info.plist */ = {isa = PBXFileReference; lastKnownFileType = text.plist.xml; path = Info.plist; sourceTree = "<group>"; };
		476E6F001D902484008A2022 /* MidnightUITests.xctest */ = {isa = PBXFileReference; explicitFileType = wrapper.cfbundle; includeInIndex = 0; path = MidnightUITests.xctest; sourceTree = BUILT_PRODUCTS_DIR; };
		476E6F041D902484008A2022 /* MidnightUITests.swift */ = {isa = PBXFileReference; lastKnownFileType = sourcecode.swift; path = MidnightUITests.swift; sourceTree = "<group>"; };
		476E6F061D902484008A2022 /* Info.plist */ = {isa = PBXFileReference; lastKnownFileType = text.plist.xml; path = Info.plist; sourceTree = "<group>"; };
		476E6F131D9024A7008A2022 /* GameKit.framework */ = {isa = PBXFileReference; lastKnownFileType = wrapper.framework; name = GameKit.framework; path = System/Library/Frameworks/GameKit.framework; sourceTree = SDKROOT; };
		47839ECF1DB7F37400615C5A /* Character_Lilly.json */ = {isa = PBXFileReference; fileEncoding = 4; lastKnownFileType = text.json; path = Character_Lilly.json; sourceTree = "<group>"; };
		47839ED31DB7FB7900615C5A /* Character_Progression.json */ = {isa = PBXFileReference; fileEncoding = 4; lastKnownFileType = text.json; path = Character_Progression.json; sourceTree = "<group>"; };
		478B221B1D922FFD0055C38A /* SilverBulletBB.otf */ = {isa = PBXFileReference; lastKnownFileType = file; path = SilverBulletBB.otf; sourceTree = "<group>"; };
		4791B4771DA0247000661923 /* Quest.swift */ = {isa = PBXFileReference; fileEncoding = 4; lastKnownFileType = sourcecode.swift; path = Quest.swift; sourceTree = "<group>"; };
		479F04181DBA6D00008E5FF3 /* CharacterSelectCell.swift */ = {isa = PBXFileReference; fileEncoding = 4; lastKnownFileType = sourcecode.swift; path = CharacterSelectCell.swift; sourceTree = "<group>"; };
		47BAA9D41DBE5764007F34E7 /* LevelSelectCell.swift */ = {isa = PBXFileReference; fileEncoding = 4; lastKnownFileType = sourcecode.swift; path = LevelSelectCell.swift; sourceTree = "<group>"; };
		47BAA9D61DBE94E4007F34E7 /* LevelSelectHeader.swift */ = {isa = PBXFileReference; fileEncoding = 4; lastKnownFileType = sourcecode.swift; path = LevelSelectHeader.swift; sourceTree = "<group>"; };
		47C3D7161DB68EE4009476CE /* DialogueViewController.swift */ = {isa = PBXFileReference; fileEncoding = 4; lastKnownFileType = sourcecode.swift; path = DialogueViewController.swift; sourceTree = "<group>"; };
		47C3D7181DB692B2009476CE /* Dialogue.swift */ = {isa = PBXFileReference; fileEncoding = 4; lastKnownFileType = sourcecode.swift; path = Dialogue.swift; sourceTree = "<group>"; };
		47C3D71D1DB6A9B8009476CE /* Scene_1_1.json */ = {isa = PBXFileReference; fileEncoding = 4; lastKnownFileType = text.json; path = Scene_1_1.json; sourceTree = "<group>"; };
		47D405CA1D9454DE0071C78C /* DetailViewController.swift */ = {isa = PBXFileReference; fileEncoding = 4; lastKnownFileType = sourcecode.swift; path = DetailViewController.swift; sourceTree = "<group>"; };
		47D405D41D946D820071C78C /* encyclopedia.json */ = {isa = PBXFileReference; fileEncoding = 4; lastKnownFileType = text.json; path = encyclopedia.json; sourceTree = "<group>"; };
		47D405D51D946D820071C78C /* midnight.txt */ = {isa = PBXFileReference; fileEncoding = 4; lastKnownFileType = text; path = midnight.txt; sourceTree = "<group>"; };
		47D405D61D946D820071C78C /* vampire.txt */ = {isa = PBXFileReference; fileEncoding = 4; lastKnownFileType = text; path = vampire.txt; sourceTree = "<group>"; };
		47D405DA1D956BDF0071C78C /* kobold.txt */ = {isa = PBXFileReference; fileEncoding = 4; lastKnownFileType = text; path = kobold.txt; sourceTree = "<group>"; };
		47D405DC1D956C0C0071C78C /* goblin.txt */ = {isa = PBXFileReference; fileEncoding = 4; lastKnownFileType = text; path = goblin.txt; sourceTree = "<group>"; };
		47D405DE1D956C460071C78C /* bugbear.txt */ = {isa = PBXFileReference; fileEncoding = 4; lastKnownFileType = text; path = bugbear.txt; sourceTree = "<group>"; };
		47D405E01D956C650071C78C /* banshee.txt */ = {isa = PBXFileReference; fileEncoding = 4; lastKnownFileType = text; path = banshee.txt; sourceTree = "<group>"; };
		47D405E21D956C8F0071C78C /* troll.txt */ = {isa = PBXFileReference; fileEncoding = 4; lastKnownFileType = text; path = troll.txt; sourceTree = "<group>"; };
		47DEF3371D9AEC800076BB16 /* StatisticsViewController.swift */ = {isa = PBXFileReference; fileEncoding = 4; lastKnownFileType = sourcecode.swift; path = StatisticsViewController.swift; sourceTree = "<group>"; };
		47E2827D1D9DE526000BD625 /* ResponseViewController.swift */ = {isa = PBXFileReference; fileEncoding = 4; lastKnownFileType = sourcecode.swift; path = ResponseViewController.swift; sourceTree = "<group>"; };
		47E3008C1DBA567E00A3439D /* CharacterSelectViewController.swift */ = {isa = PBXFileReference; fileEncoding = 4; lastKnownFileType = sourcecode.swift; path = CharacterSelectViewController.swift; sourceTree = "<group>"; };
		47F96A031D938395007ADC9A /* Encyclopedia.storyboard */ = {isa = PBXFileReference; fileEncoding = 4; lastKnownFileType = file.storyboard; path = Encyclopedia.storyboard; sourceTree = "<group>"; };
		47F96A051D938803007ADC9A /* IndexViewController.swift */ = {isa = PBXFileReference; fileEncoding = 4; lastKnownFileType = sourcecode.swift; path = IndexViewController.swift; sourceTree = "<group>"; };
		47F96A071D940D0E007ADC9A /* Encyclopedia.swift */ = {isa = PBXFileReference; fileEncoding = 4; lastKnownFileType = sourcecode.swift; path = Encyclopedia.swift; sourceTree = "<group>"; };
		47F96A091D942EA3007ADC9A /* IndexTableCell.swift */ = {isa = PBXFileReference; fileEncoding = 4; lastKnownFileType = sourcecode.swift; path = IndexTableCell.swift; sourceTree = "<group>"; };
/* End PBXFileReference section */

/* Begin PBXFrameworksBuildPhase section */
		476E6ED81D902483008A2022 /* Frameworks */ = {
			isa = PBXFrameworksBuildPhase;
			buildActionMask = 2147483647;
			files = (
				476E6F141D9024A7008A2022 /* GameKit.framework in Frameworks */,
			);
			runOnlyForDeploymentPostprocessing = 0;
		};
		476E6EF21D902484008A2022 /* Frameworks */ = {
			isa = PBXFrameworksBuildPhase;
			buildActionMask = 2147483647;
			files = (
			);
			runOnlyForDeploymentPostprocessing = 0;
		};
		476E6EFD1D902484008A2022 /* Frameworks */ = {
			isa = PBXFrameworksBuildPhase;
			buildActionMask = 2147483647;
			files = (
			);
			runOnlyForDeploymentPostprocessing = 0;
		};
/* End PBXFrameworksBuildPhase section */

/* Begin PBXGroup section */
		4749BD411D9028FE007BCD74 /* Fonts */ = {
			isa = PBXGroup;
			children = (
				4749BD3E1D9028F0007BCD74 /* DigitalStripBB_BoldItal.otf */,
				4749BD3F1D9028F0007BCD74 /* DigitalStripBB_Ital.otf */,
				4749BD401D9028F0007BCD74 /* DigitalStripBB_Reg.otf */,
				478B221B1D922FFD0055C38A /* SilverBulletBB.otf */,
			);
			name = Fonts;
			sourceTree = "<group>";
		};
		475730BD1D92EDF5002CE409 /* Character Mode */ = {
			isa = PBXGroup;
			children = (
				47839ED31DB7FB7900615C5A /* Character_Progression.json */,
				4749BCF61D902698007BCD74 /* CharacterMode.storyboard */,
				4749BCF31D902698007BCD74 /* Character.swift */,
				4749BCF41D902698007BCD74 /* CharacterCreationViewController.swift */,
				4749BCF71D902698007BCD74 /* CharacterManagementTabController.swift */,
				4749BCF81D902698007BCD74 /* CharacterProfileViewController.swift */,
				47DEF3371D9AEC800076BB16 /* StatisticsViewController.swift */,
			);
			name = "Character Mode";
			sourceTree = "<group>";
		};
		475730BE1D92EE14002CE409 /* Game Mode */ = {
			isa = PBXGroup;
			children = (
				4749BCF21D902698007BCD74 /* Chain.swift */,
				4749BCF91D902698007BCD74 /* ConfirmDeleteViewController.swift */,
				4749BCFA1D902698007BCD74 /* CreditsViewController.swift */,
				4749BCFB1D902698007BCD74 /* DebugMenuViewController.swift */,
				4749BCFD1D902698007BCD74 /* GameOptions.swift */,
				4749BCFE1D902698007BCD74 /* GameSave.swift */,
				4749BCFF1D902698007BCD74 /* GameScene.swift */,
				4749BD001D902698007BCD74 /* GameViewController.swift */,
				4749BD021D902698007BCD74 /* Level.swift */,
				4749BD031D902698007BCD74 /* LevelCompleteViewController.swift */,
				4749BD041D902698007BCD74 /* LevelResult.swift */,
				4749BD061D902698007BCD74 /* MainMenuViewController.swift */,
				4749BD071D902698007BCD74 /* Monster.swift */,
				4749BD091D902698007BCD74 /* OptionsViewController.swift */,
				4749BD0A1D902698007BCD74 /* PauseViewController.swift */,
				4749BD0B1D902698007BCD74 /* PreGameViewController.swift */,
				4749BD0D1D902698007BCD74 /* SaveMenuViewController.swift */,
				4749BD121D902698007BCD74 /* Swap.swift */,
				4749BD131D902698007BCD74 /* Tile.swift */,
				4749BD141D902698007BCD74 /* Timer.swift */,
				4749BD151D902698007BCD74 /* Token.swift */,
				4749BD3B1D9026A1007BCD74 /* Main.storyboard */,
				475730C01D92EED4002CE409 /* MonsterMode.storyboard */,
				475730C21D92F406002CE409 /* MonsterStatsViewController.swift */,
			);
			name = "Game Mode";
			sourceTree = "<group>";
		};
		475730BF1D92EE1C002CE409 /* Story Mode */ = {
			isa = PBXGroup;
			children = (
				4749BD101D902698007BCD74 /* StoryMode.storyboard */,
				4749BD0C1D902698007BCD74 /* ProgressViewController.swift */,
				4749BD111D902698007BCD74 /* StoryModeViewController.swift */,
				47F96A031D938395007ADC9A /* Encyclopedia.storyboard */,
				47F96A051D938803007ADC9A /* IndexViewController.swift */,
				47F96A071D940D0E007ADC9A /* Encyclopedia.swift */,
				47F96A091D942EA3007ADC9A /* IndexTableCell.swift */,
				47D405CA1D9454DE0071C78C /* DetailViewController.swift */,
				47E2827D1D9DE526000BD625 /* ResponseViewController.swift */,
				4791B4771DA0247000661923 /* Quest.swift */,
				47C3D7161DB68EE4009476CE /* DialogueViewController.swift */,
				47C3D7181DB692B2009476CE /* Dialogue.swift */,
				47E3008C1DBA567E00A3439D /* CharacterSelectViewController.swift */,
				479F04181DBA6D00008E5FF3 /* CharacterSelectCell.swift */,
				47BAA9D41DBE5764007F34E7 /* LevelSelectCell.swift */,
				47BAA9D61DBE94E4007F34E7 /* LevelSelectHeader.swift */,
			);
			name = "Story Mode";
			sourceTree = "<group>";
		};
		476E6ED21D902483008A2022 = {
			isa = PBXGroup;
			children = (
				476E6EDD1D902483008A2022 /* Midnight */,
				476E6EF81D902484008A2022 /* MidnightTests */,
				476E6F031D902484008A2022 /* MidnightUITests */,
				476E6EDC1D902483008A2022 /* Products */,
				476E6F121D9024A7008A2022 /* Frameworks */,
			);
			sourceTree = "<group>";
		};
		476E6EDC1D902483008A2022 /* Products */ = {
			isa = PBXGroup;
			children = (
				476E6EDB1D902483008A2022 /* Midnight.app */,
				476E6EF51D902484008A2022 /* MidnightTests.xctest */,
				476E6F001D902484008A2022 /* MidnightUITests.xctest */,
			);
			name = Products;
			sourceTree = "<group>";
		};
		476E6EDD1D902483008A2022 /* Midnight */ = {
			isa = PBXGroup;
			children = (
				47839ECE1DB7F35A00615C5A /* Characters */,
				4749BD051D902698007BCD74 /* Levels */,
				4749BD081D902698007BCD74 /* Monsters */,
				4749BD0E1D902698007BCD74 /* Sounds */,
				4749BD011D902698007BCD74 /* Grid.atlas */,
				4749BD0F1D902698007BCD74 /* Sprites.atlas */,
				476E6EF01D902483008A2022 /* Info.plist */,
				476E6EE21D902483008A2022 /* Actions.sks */,
				476E6EDE1D902483008A2022 /* AppDelegate.swift */,
				4749BCF11D902698007BCD74 /* Array2D.swift */,
				4749BCFC1D902698007BCD74 /* Extensions.swift */,
				476E6EEB1D902483008A2022 /* Assets.xcassets */,
				475730BD1D92EDF5002CE409 /* Character Mode */,
				47D405D31D946D820071C78C /* Encyclopedia */,
				4749BD411D9028FE007BCD74 /* Fonts */,
				475730BE1D92EE14002CE409 /* Game Mode */,
				476E6EED1D902483008A2022 /* LaunchScreen.storyboard */,
				47C3D71C1DB6A9A1009476CE /* Scenes */,
				475730BF1D92EE1C002CE409 /* Story Mode */,
			);
			path = Midnight;
			sourceTree = "<group>";
		};
		476E6EF81D902484008A2022 /* MidnightTests */ = {
			isa = PBXGroup;
			children = (
				476E6EF91D902484008A2022 /* MidnightTests.swift */,
				476E6EFB1D902484008A2022 /* Info.plist */,
			);
			path = MidnightTests;
			sourceTree = "<group>";
		};
		476E6F031D902484008A2022 /* MidnightUITests */ = {
			isa = PBXGroup;
			children = (
				476E6F041D902484008A2022 /* MidnightUITests.swift */,
				476E6F061D902484008A2022 /* Info.plist */,
			);
			path = MidnightUITests;
			sourceTree = "<group>";
		};
		476E6F121D9024A7008A2022 /* Frameworks */ = {
			isa = PBXGroup;
			children = (
				476E6F131D9024A7008A2022 /* GameKit.framework */,
			);
			name = Frameworks;
			sourceTree = "<group>";
		};
		47839ECE1DB7F35A00615C5A /* Characters */ = {
			isa = PBXGroup;
			children = (
				47839ECF1DB7F37400615C5A /* Character_Lilly.json */,
				471012A61DB92D4E00272341 /* Character_Olivia.json */,
				471012A81DB92E3E00272341 /* Character_Anaya.json */,
				471012AA1DB92EA400272341 /* Character_Camila.json */,
				471012AC1DB92FCB00272341 /* Character_Yuna.json */,
			);
			path = Characters;
			sourceTree = "<group>";
		};
		47C3D71C1DB6A9A1009476CE /* Scenes */ = {
			isa = PBXGroup;
			children = (
				47C3D71D1DB6A9B8009476CE /* Scene_1_1.json */,
				4733BA7F1DC052880082A5E7 /* Scene_1_2.json */,
				4733BA811DC26A7D0082A5E7 /* Scene_1_3.json */,
			);
			path = Scenes;
			sourceTree = "<group>";
		};
		47D405D31D946D820071C78C /* Encyclopedia */ = {
			isa = PBXGroup;
			children = (
				47D405D41D946D820071C78C /* encyclopedia.json */,
				47D405D51D946D820071C78C /* midnight.txt */,
				47D405D61D946D820071C78C /* vampire.txt */,
				47D405DA1D956BDF0071C78C /* kobold.txt */,
				47D405DC1D956C0C0071C78C /* goblin.txt */,
				47D405DE1D956C460071C78C /* bugbear.txt */,
				47D405E01D956C650071C78C /* banshee.txt */,
				47D405E21D956C8F0071C78C /* troll.txt */,
			);
			path = Encyclopedia;
			sourceTree = "<group>";
		};
/* End PBXGroup section */

/* Begin PBXNativeTarget section */
		476E6EDA1D902483008A2022 /* Midnight */ = {
			isa = PBXNativeTarget;
			buildConfigurationList = 476E6F091D902484008A2022 /* Build configuration list for PBXNativeTarget "Midnight" */;
			buildPhases = (
				476E6ED71D902483008A2022 /* Sources */,
				476E6ED81D902483008A2022 /* Frameworks */,
				476E6ED91D902483008A2022 /* Resources */,
			);
			buildRules = (
			);
			dependencies = (
			);
			name = Midnight;
			productName = Midnight;
			productReference = 476E6EDB1D902483008A2022 /* Midnight.app */;
			productType = "com.apple.product-type.application";
		};
		476E6EF41D902484008A2022 /* MidnightTests */ = {
			isa = PBXNativeTarget;
			buildConfigurationList = 476E6F0C1D902484008A2022 /* Build configuration list for PBXNativeTarget "MidnightTests" */;
			buildPhases = (
				476E6EF11D902484008A2022 /* Sources */,
				476E6EF21D902484008A2022 /* Frameworks */,
				476E6EF31D902484008A2022 /* Resources */,
			);
			buildRules = (
			);
			dependencies = (
				476E6EF71D902484008A2022 /* PBXTargetDependency */,
			);
			name = MidnightTests;
			productName = MidnightTests;
			productReference = 476E6EF51D902484008A2022 /* MidnightTests.xctest */;
			productType = "com.apple.product-type.bundle.unit-test";
		};
		476E6EFF1D902484008A2022 /* MidnightUITests */ = {
			isa = PBXNativeTarget;
			buildConfigurationList = 476E6F0F1D902484008A2022 /* Build configuration list for PBXNativeTarget "MidnightUITests" */;
			buildPhases = (
				476E6EFC1D902484008A2022 /* Sources */,
				476E6EFD1D902484008A2022 /* Frameworks */,
				476E6EFE1D902484008A2022 /* Resources */,
			);
			buildRules = (
			);
			dependencies = (
				476E6F021D902484008A2022 /* PBXTargetDependency */,
			);
			name = MidnightUITests;
			productName = MidnightUITests;
			productReference = 476E6F001D902484008A2022 /* MidnightUITests.xctest */;
			productType = "com.apple.product-type.bundle.ui-testing";
		};
/* End PBXNativeTarget section */

/* Begin PBXProject section */
		476E6ED31D902483008A2022 /* Project object */ = {
			isa = PBXProject;
			attributes = {
				LastSwiftUpdateCheck = 0800;
				LastUpgradeCheck = 0800;
				ORGANIZATIONNAME = "David Garrett";
				TargetAttributes = {
					476E6EDA1D902483008A2022 = {
						CreatedOnToolsVersion = 8.0;
						DevelopmentTeam = JN87LXGFJ5;
						ProvisioningStyle = Automatic;
						SystemCapabilities = {
							com.apple.GameCenter = {
								enabled = 1;
							};
						};
					};
					476E6EF41D902484008A2022 = {
						CreatedOnToolsVersion = 8.0;
						DevelopmentTeam = JN87LXGFJ5;
						ProvisioningStyle = Automatic;
						TestTargetID = 476E6EDA1D902483008A2022;
					};
					476E6EFF1D902484008A2022 = {
						CreatedOnToolsVersion = 8.0;
						DevelopmentTeam = JN87LXGFJ5;
						ProvisioningStyle = Automatic;
						TestTargetID = 476E6EDA1D902483008A2022;
					};
				};
			};
			buildConfigurationList = 476E6ED61D902483008A2022 /* Build configuration list for PBXProject "Midnight" */;
			compatibilityVersion = "Xcode 3.2";
			developmentRegion = English;
			hasScannedForEncodings = 0;
			knownRegions = (
				en,
				Base,
			);
			mainGroup = 476E6ED21D902483008A2022;
			productRefGroup = 476E6EDC1D902483008A2022 /* Products */;
			projectDirPath = "";
			projectRoot = "";
			targets = (
				476E6EDA1D902483008A2022 /* Midnight */,
				476E6EF41D902484008A2022 /* MidnightTests */,
				476E6EFF1D902484008A2022 /* MidnightUITests */,
			);
		};
/* End PBXProject section */

/* Begin PBXResourcesBuildPhase section */
		476E6ED91D902483008A2022 /* Resources */ = {
			isa = PBXResourcesBuildPhase;
			buildActionMask = 2147483647;
			files = (
				47D405D91D946D820071C78C /* vampire.txt in Resources */,
				47F96A041D938395007ADC9A /* Encyclopedia.storyboard in Resources */,
				47D405E31D956C8F0071C78C /* troll.txt in Resources */,
				4749BD2A1D902698007BCD74 /* Levels in Resources */,
				47D405DD1D956C0C0071C78C /* goblin.txt in Resources */,
				4749BD431D902915007BCD74 /* DigitalStripBB_Ital.otf in Resources */,
				47839ED01DB7F37400615C5A /* Character_Lilly.json in Resources */,
				4749BD441D902919007BCD74 /* DigitalStripBB_Reg.otf in Resources */,
				471012AD1DB92FCB00272341 /* Character_Yuna.json in Resources */,
				476E6EEC1D902483008A2022 /* Assets.xcassets in Resources */,
				4749BD261D902698007BCD74 /* Grid.atlas in Resources */,
				475730C11D92EED4002CE409 /* MonsterMode.storyboard in Resources */,
				47D405DF1D956C460071C78C /* bugbear.txt in Resources */,
				478B221C1D922FFD0055C38A /* SilverBulletBB.otf in Resources */,
				4733BA821DC26A7D0082A5E7 /* Scene_1_3.json in Resources */,
				47D405D71D946D820071C78C /* encyclopedia.json in Resources */,
				4733BA801DC052880082A5E7 /* Scene_1_2.json in Resources */,
				4749BD3D1D9026A1007BCD74 /* Main.storyboard in Resources */,
				47D405E11D956C650071C78C /* banshee.txt in Resources */,
				471012AB1DB92EA400272341 /* Character_Camila.json in Resources */,
				47C3D71E1DB6A9B8009476CE /* Scene_1_1.json in Resources */,
				471012A91DB92E3E00272341 /* Character_Anaya.json in Resources */,
				47D405D81D946D820071C78C /* midnight.txt in Resources */,
				4749BD331D902698007BCD74 /* Sounds in Resources */,
				4749BD341D902698007BCD74 /* Sprites.atlas in Resources */,
				4749BD2D1D902698007BCD74 /* Monsters in Resources */,
				476E6EEF1D902483008A2022 /* LaunchScreen.storyboard in Resources */,
				476E6EE31D902483008A2022 /* Actions.sks in Resources */,
				4749BD421D902912007BCD74 /* DigitalStripBB_BoldItal.otf in Resources */,
				471012A71DB92D4E00272341 /* Character_Olivia.json in Resources */,
				47D405DB1D956BE00071C78C /* kobold.txt in Resources */,
				47839ED41DB7FB7900615C5A /* Character_Progression.json in Resources */,
				4749BD1B1D902698007BCD74 /* CharacterMode.storyboard in Resources */,
				4749BD351D902698007BCD74 /* StoryMode.storyboard in Resources */,
			);
			runOnlyForDeploymentPostprocessing = 0;
		};
		476E6EF31D902484008A2022 /* Resources */ = {
			isa = PBXResourcesBuildPhase;
			buildActionMask = 2147483647;
			files = (
			);
			runOnlyForDeploymentPostprocessing = 0;
		};
		476E6EFE1D902484008A2022 /* Resources */ = {
			isa = PBXResourcesBuildPhase;
			buildActionMask = 2147483647;
			files = (
			);
			runOnlyForDeploymentPostprocessing = 0;
		};
/* End PBXResourcesBuildPhase section */

/* Begin PBXSourcesBuildPhase section */
		476E6ED71D902483008A2022 /* Sources */ = {
			isa = PBXSourcesBuildPhase;
			buildActionMask = 2147483647;
			files = (
				47F96A081D940D0F007ADC9A /* Encyclopedia.swift in Sources */,
				4749BD2C1D902698007BCD74 /* Monster.swift in Sources */,
				4791B4781DA0247000661923 /* Quest.swift in Sources */,
				4749BD1C1D902698007BCD74 /* CharacterManagementTabController.swift in Sources */,
				4749BD171D902698007BCD74 /* Chain.swift in Sources */,
				4749BD381D902698007BCD74 /* Tile.swift in Sources */,
				4749BD311D902698007BCD74 /* ProgressViewController.swift in Sources */,
				47C3D7171DB68EE4009476CE /* DialogueViewController.swift in Sources */,
				4749BD2E1D902698007BCD74 /* OptionsViewController.swift in Sources */,
				4749BD1D1D902698007BCD74 /* CharacterProfileViewController.swift in Sources */,
				4749BD291D902698007BCD74 /* LevelResult.swift in Sources */,
				4749BD361D902698007BCD74 /* StoryModeViewController.swift in Sources */,
				4749BD191D902698007BCD74 /* CharacterCreationViewController.swift in Sources */,
				4749BD281D902698007BCD74 /* LevelCompleteViewController.swift in Sources */,
				47F96A061D938803007ADC9A /* IndexViewController.swift in Sources */,
				47E2827E1D9DE526000BD625 /* ResponseViewController.swift in Sources */,
				4749BD1F1D902698007BCD74 /* CreditsViewController.swift in Sources */,
				47BAA9D51DBE5764007F34E7 /* LevelSelectCell.swift in Sources */,
				4749BD321D902698007BCD74 /* SaveMenuViewController.swift in Sources */,
				47DEF3381D9AEC800076BB16 /* StatisticsViewController.swift in Sources */,
				47C3D7191DB692B2009476CE /* Dialogue.swift in Sources */,
				4749BD391D902698007BCD74 /* Timer.swift in Sources */,
				475730C31D92F406002CE409 /* MonsterStatsViewController.swift in Sources */,
				47BAA9D71DBE94E4007F34E7 /* LevelSelectHeader.swift in Sources */,
				4749BD201D902698007BCD74 /* DebugMenuViewController.swift in Sources */,
				47E3008D1DBA567E00A3439D /* CharacterSelectViewController.swift in Sources */,
				4749BD221D902698007BCD74 /* GameOptions.swift in Sources */,
				4749BD2F1D902698007BCD74 /* PauseViewController.swift in Sources */,
				4749BD1E1D902698007BCD74 /* ConfirmDeleteViewController.swift in Sources */,
				476E6EDF1D902483008A2022 /* AppDelegate.swift in Sources */,
				4749BD161D902698007BCD74 /* Array2D.swift in Sources */,
				4749BD251D902698007BCD74 /* GameViewController.swift in Sources */,
				4749BD3A1D902698007BCD74 /* Token.swift in Sources */,
				4749BD211D902698007BCD74 /* Extensions.swift in Sources */,
				4749BD231D902698007BCD74 /* GameSave.swift in Sources */,
				47D405CB1D9454DE0071C78C /* DetailViewController.swift in Sources */,
				47F96A0A1D942EA3007ADC9A /* IndexTableCell.swift in Sources */,
				4749BD241D902698007BCD74 /* GameScene.swift in Sources */,
				4749BD271D902698007BCD74 /* Level.swift in Sources */,
				479F04191DBA6D00008E5FF3 /* CharacterSelectCell.swift in Sources */,
				4749BD2B1D902698007BCD74 /* MainMenuViewController.swift in Sources */,
				4749BD301D902698007BCD74 /* PreGameViewController.swift in Sources */,
				4749BD181D902698007BCD74 /* Character.swift in Sources */,
				4749BD371D902698007BCD74 /* Swap.swift in Sources */,
			);
			runOnlyForDeploymentPostprocessing = 0;
		};
		476E6EF11D902484008A2022 /* Sources */ = {
			isa = PBXSourcesBuildPhase;
			buildActionMask = 2147483647;
			files = (
				476E6EFA1D902484008A2022 /* MidnightTests.swift in Sources */,
			);
			runOnlyForDeploymentPostprocessing = 0;
		};
		476E6EFC1D902484008A2022 /* Sources */ = {
			isa = PBXSourcesBuildPhase;
			buildActionMask = 2147483647;
			files = (
				476E6F051D902484008A2022 /* MidnightUITests.swift in Sources */,
			);
			runOnlyForDeploymentPostprocessing = 0;
		};
/* End PBXSourcesBuildPhase section */

/* Begin PBXTargetDependency section */
		476E6EF71D902484008A2022 /* PBXTargetDependency */ = {
			isa = PBXTargetDependency;
			target = 476E6EDA1D902483008A2022 /* Midnight */;
			targetProxy = 476E6EF61D902484008A2022 /* PBXContainerItemProxy */;
		};
		476E6F021D902484008A2022 /* PBXTargetDependency */ = {
			isa = PBXTargetDependency;
			target = 476E6EDA1D902483008A2022 /* Midnight */;
			targetProxy = 476E6F011D902484008A2022 /* PBXContainerItemProxy */;
		};
/* End PBXTargetDependency section */

/* Begin PBXVariantGroup section */
		4749BD3B1D9026A1007BCD74 /* Main.storyboard */ = {
			isa = PBXVariantGroup;
			children = (
				4749BD3C1D9026A1007BCD74 /* Base */,
			);
			name = Main.storyboard;
			sourceTree = "<group>";
		};
		476E6EED1D902483008A2022 /* LaunchScreen.storyboard */ = {
			isa = PBXVariantGroup;
			children = (
				476E6EEE1D902483008A2022 /* Base */,
			);
			name = LaunchScreen.storyboard;
			sourceTree = "<group>";
		};
/* End PBXVariantGroup section */

/* Begin XCBuildConfiguration section */
		476E6F071D902484008A2022 /* Debug */ = {
			isa = XCBuildConfiguration;
			buildSettings = {
				ALWAYS_SEARCH_USER_PATHS = NO;
				CLANG_ANALYZER_NONNULL = YES;
				CLANG_CXX_LANGUAGE_STANDARD = "gnu++0x";
				CLANG_CXX_LIBRARY = "libc++";
				CLANG_ENABLE_MODULES = YES;
				CLANG_ENABLE_OBJC_ARC = YES;
				CLANG_WARN_BOOL_CONVERSION = YES;
				CLANG_WARN_CONSTANT_CONVERSION = YES;
				CLANG_WARN_DIRECT_OBJC_ISA_USAGE = YES_ERROR;
				CLANG_WARN_DOCUMENTATION_COMMENTS = YES;
				CLANG_WARN_EMPTY_BODY = YES;
				CLANG_WARN_ENUM_CONVERSION = YES;
				CLANG_WARN_INFINITE_RECURSION = YES;
				CLANG_WARN_INT_CONVERSION = YES;
				CLANG_WARN_OBJC_ROOT_CLASS = YES_ERROR;
				CLANG_WARN_SUSPICIOUS_MOVES = YES;
				CLANG_WARN_UNREACHABLE_CODE = YES;
				CLANG_WARN__DUPLICATE_METHOD_MATCH = YES;
				"CODE_SIGN_IDENTITY[sdk=iphoneos*]" = "iPhone Developer";
				COPY_PHASE_STRIP = NO;
				DEBUG_INFORMATION_FORMAT = dwarf;
				ENABLE_STRICT_OBJC_MSGSEND = YES;
				ENABLE_TESTABILITY = YES;
				GCC_C_LANGUAGE_STANDARD = gnu99;
				GCC_DYNAMIC_NO_PIC = NO;
				GCC_NO_COMMON_BLOCKS = YES;
				GCC_OPTIMIZATION_LEVEL = 0;
				GCC_PREPROCESSOR_DEFINITIONS = (
					"DEBUG=1",
					"$(inherited)",
				);
				GCC_WARN_64_TO_32_BIT_CONVERSION = YES;
				GCC_WARN_ABOUT_RETURN_TYPE = YES_ERROR;
				GCC_WARN_UNDECLARED_SELECTOR = YES;
				GCC_WARN_UNINITIALIZED_AUTOS = YES_AGGRESSIVE;
				GCC_WARN_UNUSED_FUNCTION = YES;
				GCC_WARN_UNUSED_VARIABLE = YES;
				IPHONEOS_DEPLOYMENT_TARGET = 10.0;
				MTL_ENABLE_DEBUG_INFO = YES;
				ONLY_ACTIVE_ARCH = YES;
				SDKROOT = iphoneos;
				SWIFT_ACTIVE_COMPILATION_CONDITIONS = DEBUG;
				SWIFT_OPTIMIZATION_LEVEL = "-Onone";
				TARGETED_DEVICE_FAMILY = "1,2";
			};
			name = Debug;
		};
		476E6F081D902484008A2022 /* Release */ = {
			isa = XCBuildConfiguration;
			buildSettings = {
				ALWAYS_SEARCH_USER_PATHS = NO;
				CLANG_ANALYZER_NONNULL = YES;
				CLANG_CXX_LANGUAGE_STANDARD = "gnu++0x";
				CLANG_CXX_LIBRARY = "libc++";
				CLANG_ENABLE_MODULES = YES;
				CLANG_ENABLE_OBJC_ARC = YES;
				CLANG_WARN_BOOL_CONVERSION = YES;
				CLANG_WARN_CONSTANT_CONVERSION = YES;
				CLANG_WARN_DIRECT_OBJC_ISA_USAGE = YES_ERROR;
				CLANG_WARN_DOCUMENTATION_COMMENTS = YES;
				CLANG_WARN_EMPTY_BODY = YES;
				CLANG_WARN_ENUM_CONVERSION = YES;
				CLANG_WARN_INFINITE_RECURSION = YES;
				CLANG_WARN_INT_CONVERSION = YES;
				CLANG_WARN_OBJC_ROOT_CLASS = YES_ERROR;
				CLANG_WARN_SUSPICIOUS_MOVES = YES;
				CLANG_WARN_UNREACHABLE_CODE = YES;
				CLANG_WARN__DUPLICATE_METHOD_MATCH = YES;
				"CODE_SIGN_IDENTITY[sdk=iphoneos*]" = "iPhone Developer";
				COPY_PHASE_STRIP = NO;
				DEBUG_INFORMATION_FORMAT = "dwarf-with-dsym";
				ENABLE_NS_ASSERTIONS = NO;
				ENABLE_STRICT_OBJC_MSGSEND = YES;
				GCC_C_LANGUAGE_STANDARD = gnu99;
				GCC_NO_COMMON_BLOCKS = YES;
				GCC_WARN_64_TO_32_BIT_CONVERSION = YES;
				GCC_WARN_ABOUT_RETURN_TYPE = YES_ERROR;
				GCC_WARN_UNDECLARED_SELECTOR = YES;
				GCC_WARN_UNINITIALIZED_AUTOS = YES_AGGRESSIVE;
				GCC_WARN_UNUSED_FUNCTION = YES;
				GCC_WARN_UNUSED_VARIABLE = YES;
				IPHONEOS_DEPLOYMENT_TARGET = 10.0;
				MTL_ENABLE_DEBUG_INFO = NO;
				SDKROOT = iphoneos;
				SWIFT_OPTIMIZATION_LEVEL = "-Owholemodule";
				TARGETED_DEVICE_FAMILY = "1,2";
				VALIDATE_PRODUCT = YES;
			};
			name = Release;
		};
		476E6F0A1D902484008A2022 /* Debug */ = {
			isa = XCBuildConfiguration;
			buildSettings = {
				ASSETCATALOG_COMPILER_APPICON_NAME = AppIcon;
				DEVELOPMENT_TEAM = JN87LXGFJ5;
				INFOPLIST_FILE = Midnight/Info.plist;
				LD_RUNPATH_SEARCH_PATHS = "$(inherited) @executable_path/Frameworks";
				PRODUCT_BUNDLE_IDENTIFIER = amalara.Midnight;
				PRODUCT_NAME = "$(TARGET_NAME)";
				SWIFT_OPTIMIZATION_LEVEL = "-Onone";
				SWIFT_VERSION = 3.0;
			};
			name = Debug;
		};
		476E6F0B1D902484008A2022 /* Release */ = {
			isa = XCBuildConfiguration;
			buildSettings = {
				ASSETCATALOG_COMPILER_APPICON_NAME = AppIcon;
				DEVELOPMENT_TEAM = JN87LXGFJ5;
				GCC_OPTIMIZATION_LEVEL = s;
				INFOPLIST_FILE = Midnight/Info.plist;
				LD_RUNPATH_SEARCH_PATHS = "$(inherited) @executable_path/Frameworks";
				PRODUCT_BUNDLE_IDENTIFIER = amalara.Midnight;
				PRODUCT_NAME = "$(TARGET_NAME)";
				SWIFT_OPTIMIZATION_LEVEL = "-Owholemodule";
				SWIFT_VERSION = 3.0;
			};
			name = Release;
		};
		476E6F0D1D902484008A2022 /* Debug */ = {
			isa = XCBuildConfiguration;
			buildSettings = {
				ALWAYS_EMBED_SWIFT_STANDARD_LIBRARIES = YES;
				BUNDLE_LOADER = "$(TEST_HOST)";
				DEVELOPMENT_TEAM = JN87LXGFJ5;
				INFOPLIST_FILE = MidnightTests/Info.plist;
				LD_RUNPATH_SEARCH_PATHS = "$(inherited) @executable_path/Frameworks @loader_path/Frameworks";
				PRODUCT_BUNDLE_IDENTIFIER = amalara.MidnightTests;
				PRODUCT_NAME = "$(TARGET_NAME)";
				SWIFT_VERSION = 3.0;
				TEST_HOST = "$(BUILT_PRODUCTS_DIR)/Midnight.app/Midnight";
			};
			name = Debug;
		};
		476E6F0E1D902484008A2022 /* Release */ = {
			isa = XCBuildConfiguration;
			buildSettings = {
				ALWAYS_EMBED_SWIFT_STANDARD_LIBRARIES = YES;
				BUNDLE_LOADER = "$(TEST_HOST)";
				DEVELOPMENT_TEAM = JN87LXGFJ5;
				INFOPLIST_FILE = MidnightTests/Info.plist;
				LD_RUNPATH_SEARCH_PATHS = "$(inherited) @executable_path/Frameworks @loader_path/Frameworks";
				PRODUCT_BUNDLE_IDENTIFIER = amalara.MidnightTests;
				PRODUCT_NAME = "$(TARGET_NAME)";
				SWIFT_VERSION = 3.0;
				TEST_HOST = "$(BUILT_PRODUCTS_DIR)/Midnight.app/Midnight";
			};
			name = Release;
		};
		476E6F101D902484008A2022 /* Debug */ = {
			isa = XCBuildConfiguration;
			buildSettings = {
				ALWAYS_EMBED_SWIFT_STANDARD_LIBRARIES = YES;
				DEVELOPMENT_TEAM = JN87LXGFJ5;
				INFOPLIST_FILE = MidnightUITests/Info.plist;
				LD_RUNPATH_SEARCH_PATHS = "$(inherited) @executable_path/Frameworks @loader_path/Frameworks";
				PRODUCT_BUNDLE_IDENTIFIER = amalara.MidnightUITests;
				PRODUCT_NAME = "$(TARGET_NAME)";
				SWIFT_VERSION = 3.0;
				TEST_TARGET_NAME = Midnight;
			};
			name = Debug;
		};
		476E6F111D902484008A2022 /* Release */ = {
			isa = XCBuildConfiguration;
			buildSettings = {
				ALWAYS_EMBED_SWIFT_STANDARD_LIBRARIES = YES;
				DEVELOPMENT_TEAM = JN87LXGFJ5;
				INFOPLIST_FILE = MidnightUITests/Info.plist;
				LD_RUNPATH_SEARCH_PATHS = "$(inherited) @executable_path/Frameworks @loader_path/Frameworks";
				PRODUCT_BUNDLE_IDENTIFIER = amalara.MidnightUITests;
				PRODUCT_NAME = "$(TARGET_NAME)";
				SWIFT_VERSION = 3.0;
				TEST_TARGET_NAME = Midnight;
			};
			name = Release;
		};
/* End XCBuildConfiguration section */

/* Begin XCConfigurationList section */
		476E6ED61D902483008A2022 /* Build configuration list for PBXProject "Midnight" */ = {
			isa = XCConfigurationList;
			buildConfigurations = (
				476E6F071D902484008A2022 /* Debug */,
				476E6F081D902484008A2022 /* Release */,
			);
			defaultConfigurationIsVisible = 0;
			defaultConfigurationName = Release;
		};
		476E6F091D902484008A2022 /* Build configuration list for PBXNativeTarget "Midnight" */ = {
			isa = XCConfigurationList;
			buildConfigurations = (
				476E6F0A1D902484008A2022 /* Debug */,
				476E6F0B1D902484008A2022 /* Release */,
			);
			defaultConfigurationIsVisible = 0;
			defaultConfigurationName = Release;
		};
		476E6F0C1D902484008A2022 /* Build configuration list for PBXNativeTarget "MidnightTests" */ = {
			isa = XCConfigurationList;
			buildConfigurations = (
				476E6F0D1D902484008A2022 /* Debug */,
				476E6F0E1D902484008A2022 /* Release */,
			);
			defaultConfigurationIsVisible = 0;
			defaultConfigurationName = Release;
		};
		476E6F0F1D902484008A2022 /* Build configuration list for PBXNativeTarget "MidnightUITests" */ = {
			isa = XCConfigurationList;
			buildConfigurations = (
				476E6F101D902484008A2022 /* Debug */,
				476E6F111D902484008A2022 /* Release */,
			);
			defaultConfigurationIsVisible = 0;
			defaultConfigurationName = Release;
		};
/* End XCConfigurationList section */
	};
	rootObject = 476E6ED31D902483008A2022 /* Project object */;
}
